// !$*UTF8*$!
{
	archiveVersion = 1;
	classes = {
	};
	objectVersion = 50;
	objects = {

/* Begin PBXBuildFile section */
		14332C1F2705C13000671703 /* AstronomyApp.swift in Sources */ = {isa = PBXBuildFile; fileRef = 14332C1E2705C13000671703 /* AstronomyApp.swift */; };
		14332C212705C13000671703 /* ContentView.swift in Sources */ = {isa = PBXBuildFile; fileRef = 14332C202705C13000671703 /* ContentView.swift */; };
		14332C232705C13400671703 /* Assets.xcassets in Resources */ = {isa = PBXBuildFile; fileRef = 14332C222705C13400671703 /* Assets.xcassets */; };
		14332C262705C13400671703 /* Preview Assets.xcassets in Resources */ = {isa = PBXBuildFile; fileRef = 14332C252705C13400671703 /* Preview Assets.xcassets */; };
		14332C332705C29B00671703 /* data.json in Resources */ = {isa = PBXBuildFile; fileRef = 14332C322705C29B00671703 /* data.json */; };
		14332C372705C54E00671703 /* Space.swift in Sources */ = {isa = PBXBuildFile; fileRef = 14332C362705C54E00671703 /* Space.swift */; };
		14332C392705C64300671703 /* SpaceModel.swift in Sources */ = {isa = PBXBuildFile; fileRef = 14332C382705C64300671703 /* SpaceModel.swift */; };
		14332C3D27063B0A00671703 /* newData.json in Resources */ = {isa = PBXBuildFile; fileRef = 14332C3C27063B0A00671703 /* newData.json */; };
		14332C3F27063D1A00671703 /* CategoryView.swift in Sources */ = {isa = PBXBuildFile; fileRef = 14332C3E27063D1A00671703 /* CategoryView.swift */; };
		14332C4127098B3100671703 /* DetailView.swift in Sources */ = {isa = PBXBuildFile; fileRef = 14332C4027098B3100671703 /* DetailView.swift */; };
/* End PBXBuildFile section */

/* Begin PBXFileReference section */
		14332C1B2705C13000671703 /* Astronomy.app */ = {isa = PBXFileReference; explicitFileType = wrapper.application; includeInIndex = 0; path = Astronomy.app; sourceTree = BUILT_PRODUCTS_DIR; };
		14332C1E2705C13000671703 /* AstronomyApp.swift */ = {isa = PBXFileReference; lastKnownFileType = sourcecode.swift; path = AstronomyApp.swift; sourceTree = "<group>"; };
		14332C202705C13000671703 /* ContentView.swift */ = {isa = PBXFileReference; lastKnownFileType = sourcecode.swift; path = ContentView.swift; sourceTree = "<group>"; };
		14332C222705C13400671703 /* Assets.xcassets */ = {isa = PBXFileReference; lastKnownFileType = folder.assetcatalog; path = Assets.xcassets; sourceTree = "<group>"; };
		14332C252705C13400671703 /* Preview Assets.xcassets */ = {isa = PBXFileReference; lastKnownFileType = folder.assetcatalog; path = "Preview Assets.xcassets"; sourceTree = "<group>"; };
		14332C272705C13400671703 /* Info.plist */ = {isa = PBXFileReference; lastKnownFileType = text.plist.xml; path = Info.plist; sourceTree = "<group>"; };
		14332C322705C29B00671703 /* data.json */ = {isa = PBXFileReference; lastKnownFileType = text.json; path = data.json; sourceTree = "<group>"; };
		14332C362705C54E00671703 /* Space.swift */ = {isa = PBXFileReference; lastKnownFileType = sourcecode.swift; path = Space.swift; sourceTree = "<group>"; };
		14332C382705C64300671703 /* SpaceModel.swift */ = {isa = PBXFileReference; lastKnownFileType = sourcecode.swift; path = SpaceModel.swift; sourceTree = "<group>"; };
		14332C3C27063B0A00671703 /* newData.json */ = {isa = PBXFileReference; lastKnownFileType = text.json; path = newData.json; sourceTree = "<group>"; };
		14332C3E27063D1A00671703 /* CategoryView.swift */ = {isa = PBXFileReference; lastKnownFileType = sourcecode.swift; path = CategoryView.swift; sourceTree = "<group>"; };
		14332C4027098B3100671703 /* DetailView.swift */ = {isa = PBXFileReference; lastKnownFileType = sourcecode.swift; path = DetailView.swift; sourceTree = "<group>"; };
/* End PBXFileReference section */

/* Begin PBXFrameworksBuildPhase section */
		14332C182705C13000671703 /* Frameworks */ = {
			isa = PBXFrameworksBuildPhase;
			buildActionMask = 2147483647;
			files = (
			);
			runOnlyForDeploymentPostprocessing = 0;
		};
/* End PBXFrameworksBuildPhase section */

/* Begin PBXGroup section */
		14332C122705C13000671703 = {
			isa = PBXGroup;
			children = (
				14332C1D2705C13000671703 /* Astronomy */,
				14332C1C2705C13000671703 /* Products */,
			);
			sourceTree = "<group>";
		};
		14332C1C2705C13000671703 /* Products */ = {
			isa = PBXGroup;
			children = (
				14332C1B2705C13000671703 /* Astronomy.app */,
			);
			name = Products;
			sourceTree = "<group>";
		};
		14332C1D2705C13000671703 /* Astronomy */ = {
			isa = PBXGroup;
			children = (
				14332C1E2705C13000671703 /* AstronomyApp.swift */,
				14332C2D2705C14A00671703 /* Views */,
				14332C2F2705C15C00671703 /* ViewModels */,
				14332C2E2705C15600671703 /* Models */,
				14332C312705C16E00671703 /* Services */,
				14332C302705C16500671703 /* Data */,
				14332C222705C13400671703 /* Assets.xcassets */,
				14332C272705C13400671703 /* Info.plist */,
				14332C242705C13400671703 /* Preview Content */,
				14332C3C27063B0A00671703 /* newData.json */,
			);
			path = Astronomy;
			sourceTree = "<group>";
		};
		14332C242705C13400671703 /* Preview Content */ = {
			isa = PBXGroup;
			children = (
				14332C252705C13400671703 /* Preview Assets.xcassets */,
			);
			path = "Preview Content";
			sourceTree = "<group>";
		};
		14332C2D2705C14A00671703 /* Views */ = {
			isa = PBXGroup;
			children = (
				14332C202705C13000671703 /* ContentView.swift */,
				14332C3E27063D1A00671703 /* CategoryView.swift */,
				14332C4027098B3100671703 /* DetailView.swift */,
			);
			path = Views;
			sourceTree = "<group>";
		};
		14332C2E2705C15600671703 /* Models */ = {
			isa = PBXGroup;
			children = (
				14332C362705C54E00671703 /* Space.swift */,
			);
			path = Models;
			sourceTree = "<group>";
		};
		14332C2F2705C15C00671703 /* ViewModels */ = {
			isa = PBXGroup;
			children = (
				14332C382705C64300671703 /* SpaceModel.swift */,
			);
			path = ViewModels;
			sourceTree = "<group>";
		};
		14332C302705C16500671703 /* Data */ = {
			isa = PBXGroup;
			children = (
				14332C322705C29B00671703 /* data.json */,
			);
			path = Data;
			sourceTree = "<group>";
		};
		14332C312705C16E00671703 /* Services */ = {
			isa = PBXGroup;
			children = (
			);
			path = Services;
			sourceTree = "<group>";
		};
/* End PBXGroup section */

/* Begin PBXNativeTarget section */
		14332C1A2705C13000671703 /* Astronomy */ = {
			isa = PBXNativeTarget;
			buildConfigurationList = 14332C2A2705C13400671703 /* Build configuration list for PBXNativeTarget "Astronomy" */;
			buildPhases = (
				14332C172705C13000671703 /* Sources */,
				14332C182705C13000671703 /* Frameworks */,
				14332C192705C13000671703 /* Resources */,
			);
			buildRules = (
			);
			dependencies = (
			);
			name = Astronomy;
			productName = Astronomy;
			productReference = 14332C1B2705C13000671703 /* Astronomy.app */;
			productType = "com.apple.product-type.application";
		};
/* End PBXNativeTarget section */

/* Begin PBXProject section */
		14332C132705C13000671703 /* Project object */ = {
			isa = PBXProject;
			attributes = {
				LastSwiftUpdateCheck = 1250;
				LastUpgradeCheck = 1250;
				TargetAttributes = {
					14332C1A2705C13000671703 = {
						CreatedOnToolsVersion = 12.5.1;
					};
				};
			};
			buildConfigurationList = 14332C162705C13000671703 /* Build configuration list for PBXProject "Astronomy" */;
			compatibilityVersion = "Xcode 9.3";
			developmentRegion = en;
			hasScannedForEncodings = 0;
			knownRegions = (
				en,
				Base,
			);
			mainGroup = 14332C122705C13000671703;
			productRefGroup = 14332C1C2705C13000671703 /* Products */;
			projectDirPath = "";
			projectRoot = "";
			targets = (
				14332C1A2705C13000671703 /* Astronomy */,
			);
		};
/* End PBXProject section */

/* Begin PBXResourcesBuildPhase section */
		14332C192705C13000671703 /* Resources */ = {
			isa = PBXResourcesBuildPhase;
			buildActionMask = 2147483647;
			files = (
				14332C3D27063B0A00671703 /* newData.json in Resources */,
				14332C262705C13400671703 /* Preview Assets.xcassets in Resources */,
				14332C332705C29B00671703 /* data.json in Resources */,
				14332C232705C13400671703 /* Assets.xcassets in Resources */,
			);
			runOnlyForDeploymentPostprocessing = 0;
		};
/* End PBXResourcesBuildPhase section */

/* Begin PBXSourcesBuildPhase section */
		14332C172705C13000671703 /* Sources */ = {
			isa = PBXSourcesBuildPhase;
			buildActionMask = 2147483647;
			files = (
				14332C392705C64300671703 /* SpaceModel.swift in Sources */,
				14332C4127098B3100671703 /* DetailView.swift in Sources */,
				14332C212705C13000671703 /* ContentView.swift in Sources */,
				14332C1F2705C13000671703 /* AstronomyApp.swift in Sources */,
				14332C372705C54E00671703 /* Space.swift in Sources */,
				14332C3F27063D1A00671703 /* CategoryView.swift in Sources */,
			);
			runOnlyForDeploymentPostprocessing = 0;
		};
/* End PBXSourcesBuildPhase section */

/* Begin XCBuildConfiguration section */
		14332C282705C13400671703 /* Debug */ = {
			isa = XCBuildConfiguration;
			buildSettings = {
				ALWAYS_SEARCH_USER_PATHS = NO;
				CLANG_ANALYZER_NONNULL = YES;
				CLANG_ANALYZER_NUMBER_OBJECT_CONVERSION = YES_AGGRESSIVE;
				CLANG_CXX_LANGUAGE_STANDARD = "gnu++14";
				CLANG_CXX_LIBRARY = "libc++";
				CLANG_ENABLE_MODULES = YES;
				CLANG_ENABLE_OBJC_ARC = YES;
				CLANG_ENABLE_OBJC_WEAK = YES;
				CLANG_WARN_BLOCK_CAPTURE_AUTORELEASING = YES;
				CLANG_WARN_BOOL_CONVERSION = YES;
				CLANG_WARN_COMMA = YES;
				CLANG_WARN_CONSTANT_CONVERSION = YES;
				CLANG_WARN_DEPRECATED_OBJC_IMPLEMENTATIONS = YES;
				CLANG_WARN_DIRECT_OBJC_ISA_USAGE = YES_ERROR;
				CLANG_WARN_DOCUMENTATION_COMMENTS = YES;
				CLANG_WARN_EMPTY_BODY = YES;
				CLANG_WARN_ENUM_CONVERSION = YES;
				CLANG_WARN_INFINITE_RECURSION = YES;
				CLANG_WARN_INT_CONVERSION = YES;
				CLANG_WARN_NON_LITERAL_NULL_CONVERSION = YES;
				CLANG_WARN_OBJC_IMPLICIT_RETAIN_SELF = YES;
				CLANG_WARN_OBJC_LITERAL_CONVERSION = YES;
				CLANG_WARN_OBJC_ROOT_CLASS = YES_ERROR;
				CLANG_WARN_QUOTED_INCLUDE_IN_FRAMEWORK_HEADER = YES;
				CLANG_WARN_RANGE_LOOP_ANALYSIS = YES;
				CLANG_WARN_STRICT_PROTOTYPES = YES;
				CLANG_WARN_SUSPICIOUS_MOVE = YES;
				CLANG_WARN_UNGUARDED_AVAILABILITY = YES_AGGRESSIVE;
				CLANG_WARN_UNREACHABLE_CODE = YES;
				CLANG_WARN__DUPLICATE_METHOD_MATCH = YES;
				COPY_PHASE_STRIP = NO;
				DEBUG_INFORMATION_FORMAT = dwarf;
				ENABLE_STRICT_OBJC_MSGSEND = YES;
				ENABLE_TESTABILITY = YES;
				GCC_C_LANGUAGE_STANDARD = gnu11;
				GCC_DYNAMIC_NO_PIC = NO;
				GCC_NO_COMMON_BLOCKS = YES;
				GCC_OPTIMIZATION_LEVEL = 0;
				GCC_PREPROCESSOR_DEFINITIONS = (
					"DEBUG=1",
					"$(inherited)",
				);
				GCC_WARN_64_TO_32_BIT_CONVERSION = YES;
				GCC_WARN_ABOUT_RETURN_TYPE = YES_ERROR;
				GCC_WARN_UNDECLARED_SELECTOR = YES;
				GCC_WARN_UNINITIALIZED_AUTOS = YES_AGGRESSIVE;
				GCC_WARN_UNUSED_FUNCTION = YES;
				GCC_WARN_UNUSED_VARIABLE = YES;
				IPHONEOS_DEPLOYMENT_TARGET = 14.5;
				MTL_ENABLE_DEBUG_INFO = INCLUDE_SOURCE;
				MTL_FAST_MATH = YES;
				ONLY_ACTIVE_ARCH = YES;
				SDKROOT = iphoneos;
				SWIFT_ACTIVE_COMPILATION_CONDITIONS = DEBUG;
				SWIFT_OPTIMIZATION_LEVEL = "-Onone";
			};
			name = Debug;
		};
		14332C292705C13400671703 /* Release */ = {
			isa = XCBuildConfiguration;
			buildSettings = {
				ALWAYS_SEARCH_USER_PATHS = NO;
				CLANG_ANALYZER_NONNULL = YES;
				CLANG_ANALYZER_NUMBER_OBJECT_CONVERSION = YES_AGGRESSIVE;
				CLANG_CXX_LANGUAGE_STANDARD = "gnu++14";
				CLANG_CXX_LIBRARY = "libc++";
				CLANG_ENABLE_MODULES = YES;
				CLANG_ENABLE_OBJC_ARC = YES;
				CLANG_ENABLE_OBJC_WEAK = YES;
				CLANG_WARN_BLOCK_CAPTURE_AUTORELEASING = YES;
				CLANG_WARN_BOOL_CONVERSION = YES;
				CLANG_WARN_COMMA = YES;
				CLANG_WARN_CONSTANT_CONVERSION = YES;
				CLANG_WARN_DEPRECATED_OBJC_IMPLEMENTATIONS = YES;
				CLANG_WARN_DIRECT_OBJC_ISA_USAGE = YES_ERROR;
				CLANG_WARN_DOCUMENTATION_COMMENTS = YES;
				CLANG_WARN_EMPTY_BODY = YES;
				CLANG_WARN_ENUM_CONVERSION = YES;
				CLANG_WARN_INFINITE_RECURSION = YES;
				CLANG_WARN_INT_CONVERSION = YES;
				CLANG_WARN_NON_LITERAL_NULL_CONVERSION = YES;
				CLANG_WARN_OBJC_IMPLICIT_RETAIN_SELF = YES;
				CLANG_WARN_OBJC_LITERAL_CONVERSION = YES;
				CLANG_WARN_OBJC_ROOT_CLASS = YES_ERROR;
				CLANG_WARN_QUOTED_INCLUDE_IN_FRAMEWORK_HEADER = YES;
				CLANG_WARN_RANGE_LOOP_ANALYSIS = YES;
				CLANG_WARN_STRICT_PROTOTYPES = YES;
				CLANG_WARN_SUSPICIOUS_MOVE = YES;
				CLANG_WARN_UNGUARDED_AVAILABILITY = YES_AGGRESSIVE;
				CLANG_WARN_UNREACHABLE_CODE = YES;
				CLANG_WARN__DUPLICATE_METHOD_MATCH = YES;
				COPY_PHASE_STRIP = NO;
				DEBUG_INFORMATION_FORMAT = "dwarf-with-dsym";
				ENABLE_NS_ASSERTIONS = NO;
				ENABLE_STRICT_OBJC_MSGSEND = YES;
				GCC_C_LANGUAGE_STANDARD = gnu11;
				GCC_NO_COMMON_BLOCKS = YES;
				GCC_WARN_64_TO_32_BIT_CONVERSION = YES;
				GCC_WARN_ABOUT_RETURN_TYPE = YES_ERROR;
				GCC_WARN_UNDECLARED_SELECTOR = YES;
				GCC_WARN_UNINITIALIZED_AUTOS = YES_AGGRESSIVE;
				GCC_WARN_UNUSED_FUNCTION = YES;
				GCC_WARN_UNUSED_VARIABLE = YES;
				IPHONEOS_DEPLOYMENT_TARGET = 14.5;
				MTL_ENABLE_DEBUG_INFO = NO;
				MTL_FAST_MATH = YES;
				SDKROOT = iphoneos;
				SWIFT_COMPILATION_MODE = wholemodule;
				SWIFT_OPTIMIZATION_LEVEL = "-O";
				VALIDATE_PRODUCT = YES;
			};
			name = Release;
		};
		14332C2B2705C13400671703 /* Debug */ = {
			isa = XCBuildConfiguration;
			buildSettings = {
				ASSETCATALOG_COMPILER_APPICON_NAME = AppIcon;
				ASSETCATALOG_COMPILER_GLOBAL_ACCENT_COLOR_NAME = AccentColor;
				CODE_SIGN_STYLE = Automatic;
				DEVELOPMENT_ASSET_PATHS = "\"Astronomy/Preview Content\"";
				ENABLE_PREVIEWS = YES;
				INFOPLIST_FILE = Astronomy/Info.plist;
				IPHONEOS_DEPLOYMENT_TARGET = 14.0;
				LD_RUNPATH_SEARCH_PATHS = (
					"$(inherited)",
					"@executable_path/Frameworks",
				);
				PRODUCT_BUNDLE_IDENTIFIER = com.elviscuevas.Astronomy;
				PRODUCT_NAME = "$(TARGET_NAME)";
				SWIFT_VERSION = 5.0;
				TARGETED_DEVICE_FAMILY = "1,2";
			};
			name = Debug;
		};
		14332C2C2705C13400671703 /* Release */ = {
			isa = XCBuildConfiguration;
			buildSettings = {
				ASSETCATALOG_COMPILER_APPICON_NAME = AppIcon;
				ASSETCATALOG_COMPILER_GLOBAL_ACCENT_COLOR_NAME = AccentColor;
				CODE_SIGN_STYLE = Automatic;
				DEVELOPMENT_ASSET_PATHS = "\"Astronomy/Preview Content\"";
				ENABLE_PREVIEWS = YES;
				INFOPLIST_FILE = Astronomy/Info.plist;
				IPHONEOS_DEPLOYMENT_TARGET = 14.0;
				LD_RUNPATH_SEARCH_PATHS = (
					"$(inherited)",
					"@executable_path/Frameworks",
				);
				PRODUCT_BUNDLE_IDENTIFIER = com.elviscuevas.Astronomy;
				PRODUCT_NAME = "$(TARGET_NAME)";
				SWIFT_VERSION = 5.0;
				TARGETED_DEVICE_FAMILY = "1,2";
			};
			name = Release;
		};
/* End XCBuildConfiguration section */

/* Begin XCConfigurationList section */
		14332C162705C13000671703 /* Build configuration list for PBXProject "Astronomy" */ = {
			isa = XCConfigurationList;
			buildConfigurations = (
				14332C282705C13400671703 /* Debug */,
				14332C292705C13400671703 /* Release */,
			);
			defaultConfigurationIsVisible = 0;
			defaultConfigurationName = Release;
		};
		14332C2A2705C13400671703 /* Build configuration list for PBXNativeTarget "Astronomy" */ = {
			isa = XCConfigurationList;
			buildConfigurations = (
				14332C2B2705C13400671703 /* Debug */,
				14332C2C2705C13400671703 /* Release */,
			);
			defaultConfigurationIsVisible = 0;
			defaultConfigurationName = Release;
		};
/* End XCConfigurationList section */
	};
	rootObject = 14332C132705C13000671703 /* Project object */;
}
